
Microsoft Visual Studio Solution File, Format Version 12.00
# Visual Studio 15
VisualStudioVersion = 15.0.26430.12
MinimumVisualStudioVersion = 10.0.40219.1
Project("{FAE04EC0-301F-11D3-BF4B-00C04F79EFBC}") = "LigaManagerServer", "LigaManagerServer\LigaManagerServer.csproj", "{FE7A1F9F-CCFD-4EBB-A312-DDCD772BCD45}"
EndProject
Project("{FAE04EC0-301F-11D3-BF4B-00C04F79EFBC}") = "LigaManagerAdminClient", "LigaManagerAdminClient\LigaManagerAdminClient.csproj", "{EEF224FA-9555-49EB-8D2B-FD92957969D4}"
EndProject
Project("{FAE04EC0-301F-11D3-BF4B-00C04F79EFBC}") = "LigaManagerBettorClient", "LigaManagerBettorClient\LigaManagerBettorClient.csproj", "{A1E2797A-9FE6-4701-BA16-428044C9033D}"
EndProject
Project("{FAE04EC0-301F-11D3-BF4B-00C04F79EFBC}") = "LigaManagerTest", "LigaManagerTest\LigaManagerTest.csproj", "{8B46C909-3E30-46A6-B31E-FA79A1EF53E2}"
EndProject
Global
	GlobalSection(SolutionConfigurationPlatforms) = preSolution
		Debug|Any CPU = Debug|Any CPU
		Release|Any CPU = Release|Any CPU
	EndGlobalSection
	GlobalSection(ProjectConfigurationPlatforms) = postSolution
		{FE7A1F9F-CCFD-4EBB-A312-DDCD772BCD45}.Debug|Any CPU.ActiveCfg = Debug|Any CPU
		{FE7A1F9F-CCFD-4EBB-A312-DDCD772BCD45}.Debug|Any CPU.Build.0 = Debug|Any CPU
		{FE7A1F9F-CCFD-4EBB-A312-DDCD772BCD45}.Release|Any CPU.ActiveCfg = Release|Any CPU
		{FE7A1F9F-CCFD-4EBB-A312-DDCD772BCD45}.Release|Any CPU.Build.0 = Release|Any CPU
		{EEF224FA-9555-49EB-8D2B-FD92957969D4}.Debug|Any CPU.ActiveCfg = Debug|Any CPU
		{EEF224FA-9555-49EB-8D2B-FD92957969D4}.Debug|Any CPU.Build.0 = Debug|Any CPU
		{EEF224FA-9555-49EB-8D2B-FD92957969D4}.Release|Any CPU.ActiveCfg = Release|Any CPU
		{EEF224FA-9555-49EB-8D2B-FD92957969D4}.Release|Any CPU.Build.0 = Release|Any CPU
		{A1E2797A-9FE6-4701-BA16-428044C9033D}.Debug|Any CPU.ActiveCfg = Debug|Any CPU
		{A1E2797A-9FE6-4701-BA16-428044C9033D}.Debug|Any CPU.Build.0 = Debug|Any CPU
		{A1E2797A-9FE6-4701-BA16-428044C9033D}.Release|Any CPU.ActiveCfg = Release|Any CPU
		{A1E2797A-9FE6-4701-BA16-428044C9033D}.Release|Any CPU.Build.0 = Release|Any CPU
		{8B46C909-3E30-46A6-B31E-FA79A1EF53E2}.Debug|Any CPU.ActiveCfg = Debug|Any CPU
		{8B46C909-3E30-46A6-B31E-FA79A1EF53E2}.Debug|Any CPU.Build.0 = Debug|Any CPU
		{8B46C909-3E30-46A6-B31E-FA79A1EF53E2}.Release|Any CPU.ActiveCfg = Release|Any CPU
		{8B46C909-3E30-46A6-B31E-FA79A1EF53E2}.Release|Any CPU.Build.0 = Release|Any CPU
	EndGlobalSection
	GlobalSection(SolutionProperties) = preSolution
		HideSolutionNode = FALSE
	EndGlobalSection
EndGlobal
